
Microsoft Visual Studio Solution File, Format Version 12.00
# Visual Studio Version 16
VisualStudioVersion = 16.0.30204.135
MinimumVisualStudioVersion = 10.0.40219.1
Project("{FAE04EC0-301F-11D3-BF4B-00C04F79EFBC}") = "MyWebsite", "MyWebsite\MyWebsite.csproj", "{869AD9E5-39DA-4E56-8507-26D4424A5471}"
EndProject
Global
	GlobalSection(SolutionConfigurationPlatforms) = preSolution
		Debug|Any CPU = Debug|Any CPU
		Release|Any CPU = Release|Any CPU
	EndGlobalSection
	GlobalSection(ProjectConfigurationPlatforms) = postSolution
		{869AD9E5-39DA-4E56-8507-26D4424A5471}.Debug|Any CPU.ActiveCfg = Debug|Any CPU
		{869AD9E5-39DA-4E56-8507-26D4424A5471}.Debug|Any CPU.Build.0 = Debug|Any CPU
		{869AD9E5-39DA-4E56-8507-26D4424A5471}.Release|Any CPU.ActiveCfg = Release|Any CPU
		{869AD9E5-39DA-4E56-8507-26D4424A5471}.Release|Any CPU.Build.0 = Release|Any CPU
	EndGlobalSection
	GlobalSection(SolutionProperties) = preSolution
		HideSolutionNode = FALSE
	EndGlobalSection
	GlobalSection(ExtensibilityGlobals) = postSolution
		SolutionGuid = {59AAA3D8-0257-40F7-8982-70FBF1C9FB16}
	EndGlobalSection
EndGlobal
